
Microsoft Visual Studio Solution File, Format Version 12.00
<<<<<<< HEAD
# Visual Studio 14
VisualStudioVersion = 14.0.23107.0
=======
# Visual Studio 2013
VisualStudioVersion = 12.0.40629.0
>>>>>>> origin/dev
MinimumVisualStudioVersion = 10.0.40219.1
Project("{FAE04EC0-301F-11D3-BF4B-00C04F79EFBC}") = "NetworkNode", "NetworkNode\NetworkNode.csproj", "{F2453730-6933-4343-856C-273A9FA16B6E}"
EndProject
Project("{FAE04EC0-301F-11D3-BF4B-00C04F79EFBC}") = "WireCloudTerminal", "WireCloudTerminal\WireCloudTerminal.csproj", "{BFF94DB1-E883-4B5E-9ACE-75A3973A7322}"
EndProject
Project("{FAE04EC0-301F-11D3-BF4B-00C04F79EFBC}") = "SDHManagement", "SDHManagement\SDHManagement.csproj", "{77BE45FC-ADE2-410A-BBDF-3E00B44B07C2}"
EndProject
Project("{FAE04EC0-301F-11D3-BF4B-00C04F79EFBC}") = "NetworkClientNode", "NetworkClientNode\NetworkClientNode.csproj", "{65CC4579-8AC3-4E44-8468-AE9E0623069D}"
EndProject
Project("{FAE04EC0-301F-11D3-BF4B-00C04F79EFBC}") = "CallingPartyCallController", "CallingPartyCallController\CallingPartyCallController.csproj", "{3EF5B84F-3A19-498F-810E-9DEA12EC96AA}"
EndProject
Project("{FAE04EC0-301F-11D3-BF4B-00C04F79EFBC}") = "NetworkCallController", "NetworkCallController\NetworkCallController.csproj", "{95336BC8-DFA7-49B3-BF4F-26F52069240B}"
EndProject
Project("{FAE04EC0-301F-11D3-BF4B-00C04F79EFBC}") = "Directory", "Directory\Directory.csproj", "{8C9D4345-E24F-4D7C-88A2-F0DA310855AB}"
EndProject
Project("{FAE04EC0-301F-11D3-BF4B-00C04F79EFBC}") = "Policy", "Policy\Policy.csproj", "{F74A9E11-EBA4-403F-925D-C502C5F41529}"
EndProject
Project("{FAE04EC0-301F-11D3-BF4B-00C04F79EFBC}") = "MockupCPCC", "MockupCPCC\MockupCPCC.csproj", "{089A8BBF-9421-4A9F-B27B-7153EF46A644}"
EndProject
Global
	GlobalSection(SolutionConfigurationPlatforms) = preSolution
		Debug|Any CPU = Debug|Any CPU
		Release|Any CPU = Release|Any CPU
	EndGlobalSection
	GlobalSection(ProjectConfigurationPlatforms) = postSolution
		{F2453730-6933-4343-856C-273A9FA16B6E}.Debug|Any CPU.ActiveCfg = Debug|Any CPU
		{F2453730-6933-4343-856C-273A9FA16B6E}.Debug|Any CPU.Build.0 = Debug|Any CPU
		{F2453730-6933-4343-856C-273A9FA16B6E}.Release|Any CPU.ActiveCfg = Release|Any CPU
		{F2453730-6933-4343-856C-273A9FA16B6E}.Release|Any CPU.Build.0 = Release|Any CPU
		{BFF94DB1-E883-4B5E-9ACE-75A3973A7322}.Debug|Any CPU.ActiveCfg = Debug|Any CPU
		{BFF94DB1-E883-4B5E-9ACE-75A3973A7322}.Debug|Any CPU.Build.0 = Debug|Any CPU
		{BFF94DB1-E883-4B5E-9ACE-75A3973A7322}.Release|Any CPU.ActiveCfg = Release|Any CPU
		{BFF94DB1-E883-4B5E-9ACE-75A3973A7322}.Release|Any CPU.Build.0 = Release|Any CPU
		{77BE45FC-ADE2-410A-BBDF-3E00B44B07C2}.Debug|Any CPU.ActiveCfg = Debug|Any CPU
		{77BE45FC-ADE2-410A-BBDF-3E00B44B07C2}.Debug|Any CPU.Build.0 = Debug|Any CPU
		{77BE45FC-ADE2-410A-BBDF-3E00B44B07C2}.Release|Any CPU.ActiveCfg = Release|Any CPU
		{77BE45FC-ADE2-410A-BBDF-3E00B44B07C2}.Release|Any CPU.Build.0 = Release|Any CPU
		{65CC4579-8AC3-4E44-8468-AE9E0623069D}.Debug|Any CPU.ActiveCfg = Debug|Any CPU
		{65CC4579-8AC3-4E44-8468-AE9E0623069D}.Debug|Any CPU.Build.0 = Debug|Any CPU
		{65CC4579-8AC3-4E44-8468-AE9E0623069D}.Release|Any CPU.ActiveCfg = Release|Any CPU
		{65CC4579-8AC3-4E44-8468-AE9E0623069D}.Release|Any CPU.Build.0 = Release|Any CPU
		{3EF5B84F-3A19-498F-810E-9DEA12EC96AA}.Debug|Any CPU.ActiveCfg = Debug|Any CPU
		{3EF5B84F-3A19-498F-810E-9DEA12EC96AA}.Debug|Any CPU.Build.0 = Debug|Any CPU
		{3EF5B84F-3A19-498F-810E-9DEA12EC96AA}.Release|Any CPU.ActiveCfg = Release|Any CPU
		{3EF5B84F-3A19-498F-810E-9DEA12EC96AA}.Release|Any CPU.Build.0 = Release|Any CPU
		{95336BC8-DFA7-49B3-BF4F-26F52069240B}.Debug|Any CPU.ActiveCfg = Debug|Any CPU
		{95336BC8-DFA7-49B3-BF4F-26F52069240B}.Debug|Any CPU.Build.0 = Debug|Any CPU
		{95336BC8-DFA7-49B3-BF4F-26F52069240B}.Release|Any CPU.ActiveCfg = Release|Any CPU
		{95336BC8-DFA7-49B3-BF4F-26F52069240B}.Release|Any CPU.Build.0 = Release|Any CPU
		{8C9D4345-E24F-4D7C-88A2-F0DA310855AB}.Debug|Any CPU.ActiveCfg = Debug|Any CPU
		{8C9D4345-E24F-4D7C-88A2-F0DA310855AB}.Debug|Any CPU.Build.0 = Debug|Any CPU
		{8C9D4345-E24F-4D7C-88A2-F0DA310855AB}.Release|Any CPU.ActiveCfg = Release|Any CPU
		{8C9D4345-E24F-4D7C-88A2-F0DA310855AB}.Release|Any CPU.Build.0 = Release|Any CPU
		{F74A9E11-EBA4-403F-925D-C502C5F41529}.Debug|Any CPU.ActiveCfg = Debug|Any CPU
		{F74A9E11-EBA4-403F-925D-C502C5F41529}.Debug|Any CPU.Build.0 = Debug|Any CPU
		{F74A9E11-EBA4-403F-925D-C502C5F41529}.Release|Any CPU.ActiveCfg = Release|Any CPU
		{F74A9E11-EBA4-403F-925D-C502C5F41529}.Release|Any CPU.Build.0 = Release|Any CPU
		{089A8BBF-9421-4A9F-B27B-7153EF46A644}.Debug|Any CPU.ActiveCfg = Debug|Any CPU
		{089A8BBF-9421-4A9F-B27B-7153EF46A644}.Debug|Any CPU.Build.0 = Debug|Any CPU
		{089A8BBF-9421-4A9F-B27B-7153EF46A644}.Release|Any CPU.ActiveCfg = Release|Any CPU
		{089A8BBF-9421-4A9F-B27B-7153EF46A644}.Release|Any CPU.Build.0 = Release|Any CPU
	EndGlobalSection
	GlobalSection(SolutionProperties) = preSolution
		HideSolutionNode = FALSE
	EndGlobalSection
EndGlobal
