
Microsoft Visual Studio Solution File, Format Version 12.00
# Visual Studio 2013
VisualStudioVersion = 12.0.30501.0
MinimumVisualStudioVersion = 10.0.40219.1
Project("{FAE04EC0-301F-11D3-BF4B-00C04F79EFBC}") = "NetworkNode", "NetworkNode\NetworkNode.csproj", "{F2453730-6933-4343-856C-273A9FA16B6E}"
EndProject
Project("{FAE04EC0-301F-11D3-BF4B-00C04F79EFBC}") = "WireCloudTerminal", "WireCloudTerminal\WireCloudTerminal.csproj", "{BFF94DB1-E883-4B5E-9ACE-75A3973A7322}"
EndProject
Project("{FAE04EC0-301F-11D3-BF4B-00C04F79EFBC}") = "SDHManagement", "SDHManagement\SDHManagement.csproj", "{77BE45FC-ADE2-410A-BBDF-3E00B44B07C2}"
EndProject
Project("{FAE04EC0-301F-11D3-BF4B-00C04F79EFBC}") = "NetworkClientNode", "NetworkClientNode\NetworkClientNode.csproj", "{65CC4579-8AC3-4E44-8468-AE9E0623069D}"
EndProject
Project("{FAE04EC0-301F-11D3-BF4B-00C04F79EFBC}") = "RoutingController", "RoutingController\RoutingController.csproj", "{B703FB71-1209-401D-862D-FF12250E54B6}"
EndProject
Project("{FAE04EC0-301F-11D3-BF4B-00C04F79EFBC}") = "MockupClient", "MockupClient\MockupClient.csproj", "{0450AB59-1D7D-4D0A-947E-29903FF02A46}"
EndProject
Project("{FAE04EC0-301F-11D3-BF4B-00C04F79EFBC}") = "ConectionController", "ConectionController\ConectionController.csproj", "{97CACFCE-7A59-49AB-8FDA-D155FEF16080}"
EndProject
Global
	GlobalSection(SolutionConfigurationPlatforms) = preSolution
		Debug|Any CPU = Debug|Any CPU
		Release|Any CPU = Release|Any CPU
	EndGlobalSection
	GlobalSection(ProjectConfigurationPlatforms) = postSolution
		{F2453730-6933-4343-856C-273A9FA16B6E}.Debug|Any CPU.ActiveCfg = Debug|Any CPU
		{F2453730-6933-4343-856C-273A9FA16B6E}.Debug|Any CPU.Build.0 = Debug|Any CPU
		{F2453730-6933-4343-856C-273A9FA16B6E}.Release|Any CPU.ActiveCfg = Release|Any CPU
		{F2453730-6933-4343-856C-273A9FA16B6E}.Release|Any CPU.Build.0 = Release|Any CPU
		{BFF94DB1-E883-4B5E-9ACE-75A3973A7322}.Debug|Any CPU.ActiveCfg = Debug|Any CPU
		{BFF94DB1-E883-4B5E-9ACE-75A3973A7322}.Debug|Any CPU.Build.0 = Debug|Any CPU
		{BFF94DB1-E883-4B5E-9ACE-75A3973A7322}.Release|Any CPU.ActiveCfg = Release|Any CPU
		{BFF94DB1-E883-4B5E-9ACE-75A3973A7322}.Release|Any CPU.Build.0 = Release|Any CPU
		{77BE45FC-ADE2-410A-BBDF-3E00B44B07C2}.Debug|Any CPU.ActiveCfg = Debug|Any CPU
		{77BE45FC-ADE2-410A-BBDF-3E00B44B07C2}.Debug|Any CPU.Build.0 = Debug|Any CPU
		{77BE45FC-ADE2-410A-BBDF-3E00B44B07C2}.Release|Any CPU.ActiveCfg = Release|Any CPU
		{77BE45FC-ADE2-410A-BBDF-3E00B44B07C2}.Release|Any CPU.Build.0 = Release|Any CPU
		{65CC4579-8AC3-4E44-8468-AE9E0623069D}.Debug|Any CPU.ActiveCfg = Debug|Any CPU
		{65CC4579-8AC3-4E44-8468-AE9E0623069D}.Debug|Any CPU.Build.0 = Debug|Any CPU
		{65CC4579-8AC3-4E44-8468-AE9E0623069D}.Release|Any CPU.ActiveCfg = Release|Any CPU
		{65CC4579-8AC3-4E44-8468-AE9E0623069D}.Release|Any CPU.Build.0 = Release|Any CPU
		{B703FB71-1209-401D-862D-FF12250E54B6}.Debug|Any CPU.ActiveCfg = Debug|Any CPU
		{B703FB71-1209-401D-862D-FF12250E54B6}.Debug|Any CPU.Build.0 = Debug|Any CPU
		{B703FB71-1209-401D-862D-FF12250E54B6}.Release|Any CPU.ActiveCfg = Release|Any CPU
		{B703FB71-1209-401D-862D-FF12250E54B6}.Release|Any CPU.Build.0 = Release|Any CPU
		{0450AB59-1D7D-4D0A-947E-29903FF02A46}.Debug|Any CPU.ActiveCfg = Debug|Any CPU
		{0450AB59-1D7D-4D0A-947E-29903FF02A46}.Debug|Any CPU.Build.0 = Debug|Any CPU
		{0450AB59-1D7D-4D0A-947E-29903FF02A46}.Release|Any CPU.ActiveCfg = Release|Any CPU
		{0450AB59-1D7D-4D0A-947E-29903FF02A46}.Release|Any CPU.Build.0 = Release|Any CPU
		{97CACFCE-7A59-49AB-8FDA-D155FEF16080}.Debug|Any CPU.ActiveCfg = Debug|Any CPU
		{97CACFCE-7A59-49AB-8FDA-D155FEF16080}.Debug|Any CPU.Build.0 = Debug|Any CPU
		{97CACFCE-7A59-49AB-8FDA-D155FEF16080}.Release|Any CPU.ActiveCfg = Release|Any CPU
		{97CACFCE-7A59-49AB-8FDA-D155FEF16080}.Release|Any CPU.Build.0 = Release|Any CPU
	EndGlobalSection
	GlobalSection(SolutionProperties) = preSolution
		HideSolutionNode = FALSE
	EndGlobalSection
EndGlobal
